<?xml version="1.0" encoding="utf-8"?>
<Project xmlns="http://schemas.microsoft.com/developer/msbuild/2003">
  <ItemGroup>
    <Filter Include="Generated Files">
      <UniqueIdentifier>{71ED8ED8-ACB9-4CE9-BBE1-E00B30144E11}</UniqueIdentifier>
      <Extensions>cpp;c;cxx;moc;h;def;odl;idl;res;</Extensions>
    </Filter>
    <Filter Include="Generated Files">
      <UniqueIdentifier>{71ED8ED8-ACB9-4CE9-BBE1-E00B30144E11}</UniqueIdentifier>
      <Extensions>cpp;c;cxx;moc;h;def;odl;idl;res;</Extensions>
    </Filter>
    <Filter Include="Header Files">
      <UniqueIdentifier>{93995380-89BD-4b04-88EB-625FBE52EBFB}</UniqueIdentifier>
      <Extensions>h;hpp;hxx;hm;inl;inc;xsd</Extensions>
    </Filter>
    <Filter Include="Header Files">
      <UniqueIdentifier>{93995380-89BD-4b04-88EB-625FBE52EBFB}</UniqueIdentifier>
      <Extensions>h;hpp;hxx;hm;inl;inc;xsd</Extensions>
    </Filter>
    <Filter Include="Source Files">
      <UniqueIdentifier>{4FC737F1-C7A5-4376-A066-2A32D752A2FF}</UniqueIdentifier>
      <Extensions>cpp;c;cxx;def;odl;idl;hpj;bat;asm;asmx</Extensions>
    </Filter>
    <Filter Include="Source Files">
      <UniqueIdentifier>{4FC737F1-C7A5-4376-A066-2A32D752A2FF}</UniqueIdentifier>
      <Extensions>cpp;c;cxx;def;odl;idl;hpj;bat;asm;asmx</Extensions>
    </Filter>
  </ItemGroup>
  <ItemGroup>
    <ClCompile Include="src\application.cpp">
      <Filter>Source Files</Filter>
    </ClCompile>
    <ClCompile Include="src\ui\browserwindow.cpp">
      <Filter>Source Files</Filter>
    </ClCompile>
    <ClCompile Include="src\window\browsewindowmethodproxy.cpp">
      <Filter>Source Files</Filter>
    </ClCompile>
    <ClCompile Include="src\tools\electronutils.cpp">
      <Filter>Source Files</Filter>
    </ClCompile>
    <ClCompile Include="src\window\eventhandler.cpp">
      <Filter>Source Files</Filter>
    </ClCompile>
    <ClCompile Include="src\tools\globalshortcutmanager.cpp">
      <Filter>Source Files</Filter>
    </ClCompile>
    <ClCompile Include="src\rpc\iservice.cpp">
      <Filter>Source Files</Filter>
    </ClCompile>
    <ClCompile Include="src\rpc\iwsobserver.cpp">
      <Filter>Source Files</Filter>
    </ClCompile>
    <ClCompile Include="src\log\logfactory.cpp">
      <Filter>Source Files</Filter>
    </ClCompile>
    <ClCompile Include="src\log\logger.cpp">
      <Filter>Source Files</Filter>
    </ClCompile>
    <ClCompile Include="src\utils\loopthread.cpp">
      <Filter>Source Files</Filter>
    </ClCompile>
    <ClCompile Include="src\main.cpp">
      <Filter>Source Files</Filter>
    </ClCompile>
    <ClCompile Include="src\rpc\packet.cpp">
      <Filter>Source Files</Filter>
    </ClCompile>
    <ClCompile Include="src\rpc\rpcclient.cpp">
      <Filter>Source Files</Filter>
    </ClCompile>
    <ClCompile Include="src\rpc\rpcserver.cpp">
      <Filter>Source Files</Filter>
    </ClCompile>
    <ClCompile Include="src\tools\traymanager.cpp">
      <Filter>Source Files</Filter>
    </ClCompile>
    <ClCompile Include="src\window\windowmanager.cpp">
      <Filter>Source Files</Filter>
    </ClCompile>
    <ClCompile Include="src\rpc\wschannelclient.cpp">
      <Filter>Source Files</Filter>
    </ClCompile>
  </ItemGroup>
  <ItemGroup>
    <ClInclude Include="src\application.h">
      <Filter>Header Files</Filter>
    </ClInclude>
    <QtMoc Include="src\ui\browserwindow.h">
      <Filter>Header Files</Filter>
    </QtMoc>
    <ClInclude Include="src\window\browsewindowmethodproxy.h">
      <Filter>Header Files</Filter>
    </ClInclude>
    <QtMoc Include="src\tools\electronutils.h">
      <Filter>Header Files</Filter>
    </QtMoc>
    <QtMoc Include="src\window\eventhandler.h">
      <Filter>Header Files</Filter>
    </QtMoc>
    <QtMoc Include="src\tools\globalshortcutmanager.h">
      <Filter>Header Files</Filter>
    </QtMoc>
    <QtMoc Include="src\rpc\iservice.h">
      <Filter>Header Files</Filter>
    </QtMoc>
    <QtMoc Include="src\rpc\iwsobserver.h">
      <Filter>Header Files</Filter>
    </QtMoc>
    <ClInclude Include="src\log\logfactory.h">
      <Filter>Header Files</Filter>
    </ClInclude>
    <ClInclude Include="src\log\logger.h">
      <Filter>Header Files</Filter>
    </ClInclude>
    <QtMoc Include="src\utils\loopthread.h">
      <Filter>Header Files</Filter>
    </QtMoc>
    <ClInclude Include="src\rpc\packet.h">
      <Filter>Header Files</Filter>
    </ClInclude>
    <QtMoc Include="src\rpc\rpcclient.h">
      <Filter>Header Files</Filter>
    </QtMoc>
    <QtMoc Include="src\rpc\rpcserver.h">
      <Filter>Header Files</Filter>
    </QtMoc>
    <QtMoc Include="src\tools\traymanager.h">
      <Filter>Header Files</Filter>
    </QtMoc>
    <QtMoc Include="src\window\windowmanager.h">
      <Filter>Header Files</Filter>
    </QtMoc>
    <QtMoc Include="src\rpc\wschannelclient.h">
      <Filter>Header Files</Filter>
    </QtMoc>
  </ItemGroup>
  <ItemGroup>
    
    
    
    
    
    
    
    
    
    
    
    
    
    
    <CustomBuild Include="debug\moc_predefs.h.cbt">
      <Filter>Generated Files</Filter>
    </CustomBuild>
    <CustomBuild Include="release\moc_predefs.h.cbt">
      <Filter>Generated Files</Filter>
    </CustomBuild>
    
    
    
    
    
    
    
    
    
    
  </ItemGroup>
</Project>